
Microsoft Visual Studio Solution File, Format Version 12.00
# Visual Studio 14
VisualStudioVersion = 14.0.25123.0
MinimumVisualStudioVersion = 10.0.40219.1
Project("{2150E333-8FDC-42A3-9474-1A3956D46DE8}") = "Solution Items", "Solution Items", "{3124BC6C-39C6-473D-B3E5-E04C85D922F4}"
	ProjectSection(SolutionItems) = preProject
		.gitattributes = .gitattributes
		.gitignore = .gitignore
		global.json = global.json
		makefile.shade = makefile.shade
		NuGet.config = NuGet.config
		NuGetPackageVerifier.json = NuGetPackageVerifier.json
		pack.cmd = pack.cmd
		ZooKeeperNetEx.snk = ZooKeeperNetEx.snk
	EndProjectSection
EndProject
Project("{8BB2217D-0F2D-49D1-97BC-3654ED321F3B}") = "ZooKeeperNetEx", "src\ZooKeeperNetEx\ZooKeeperNetEx.xproj", "{FF7547E8-BD4F-4D3A-AC29-C9DD74E48CB3}"
EndProject
Project("{8BB2217D-0F2D-49D1-97BC-3654ED321F3B}") = "ZooKeeperNetEx.Recipes", "src\ZooKeeperNetEx.Recipes\ZooKeeperNetEx.Recipes.xproj", "{4CE3A450-A8AA-48DC-8A05-7D9B3A169B6A}"
EndProject
Project("{8BB2217D-0F2D-49D1-97BC-3654ED321F3B}") = "ZooKeeperNetEx.Tests", "test\ZooKeeperNetEx.Tests\ZooKeeperNetEx.Tests.xproj", "{D4F18D58-52B1-435D-A012-10F2123458C4}"
EndProject
Project("{8BB2217D-0F2D-49D1-97BC-3654ED321F3B}") = "ZooKeeperNetEx.Recipes.Tests", "test\ZooKeeperNetEx.Recipes.Tests\ZooKeeperNetEx.Recipes.Tests.xproj", "{E16D61E7-487C-4933-98D6-1C9A4053A767}"
EndProject
Project("{2150E333-8FDC-42A3-9474-1A3956D46DE8}") = "src", "src", "{C28103FF-C2A2-44D5-8A9F-55255139270A}"
EndProject
Project("{2150E333-8FDC-42A3-9474-1A3956D46DE8}") = "test", "test", "{4B6719A8-92AF-43D8-B888-B2D51EDD5EFC}"
EndProject
Global
	GlobalSection(SolutionConfigurationPlatforms) = preSolution
		Debug|Any CPU = Debug|Any CPU
		Release|Any CPU = Release|Any CPU
	EndGlobalSection
	GlobalSection(ProjectConfigurationPlatforms) = postSolution
		{FF7547E8-BD4F-4D3A-AC29-C9DD74E48CB3}.Debug|Any CPU.ActiveCfg = Debug|Any CPU
		{FF7547E8-BD4F-4D3A-AC29-C9DD74E48CB3}.Debug|Any CPU.Build.0 = Debug|Any CPU
		{FF7547E8-BD4F-4D3A-AC29-C9DD74E48CB3}.Release|Any CPU.ActiveCfg = Release|Any CPU
		{FF7547E8-BD4F-4D3A-AC29-C9DD74E48CB3}.Release|Any CPU.Build.0 = Release|Any CPU
		{4CE3A450-A8AA-48DC-8A05-7D9B3A169B6A}.Debug|Any CPU.ActiveCfg = Debug|Any CPU
		{4CE3A450-A8AA-48DC-8A05-7D9B3A169B6A}.Debug|Any CPU.Build.0 = Debug|Any CPU
		{4CE3A450-A8AA-48DC-8A05-7D9B3A169B6A}.Release|Any CPU.ActiveCfg = Release|Any CPU
		{4CE3A450-A8AA-48DC-8A05-7D9B3A169B6A}.Release|Any CPU.Build.0 = Release|Any CPU
		{D4F18D58-52B1-435D-A012-10F2123458C4}.Debug|Any CPU.ActiveCfg = Debug|Any CPU
		{D4F18D58-52B1-435D-A012-10F2123458C4}.Debug|Any CPU.Build.0 = Debug|Any CPU
		{D4F18D58-52B1-435D-A012-10F2123458C4}.Release|Any CPU.ActiveCfg = Release|Any CPU
		{D4F18D58-52B1-435D-A012-10F2123458C4}.Release|Any CPU.Build.0 = Release|Any CPU
		{E16D61E7-487C-4933-98D6-1C9A4053A767}.Debug|Any CPU.ActiveCfg = Debug|Any CPU
		{E16D61E7-487C-4933-98D6-1C9A4053A767}.Debug|Any CPU.Build.0 = Debug|Any CPU
		{E16D61E7-487C-4933-98D6-1C9A4053A767}.Release|Any CPU.ActiveCfg = Release|Any CPU
		{E16D61E7-487C-4933-98D6-1C9A4053A767}.Release|Any CPU.Build.0 = Release|Any CPU
	EndGlobalSection
	GlobalSection(SolutionProperties) = preSolution
		HideSolutionNode = FALSE
	EndGlobalSection
	GlobalSection(NestedProjects) = preSolution
		{FF7547E8-BD4F-4D3A-AC29-C9DD74E48CB3} = {C28103FF-C2A2-44D5-8A9F-55255139270A}
		{4CE3A450-A8AA-48DC-8A05-7D9B3A169B6A} = {C28103FF-C2A2-44D5-8A9F-55255139270A}
		{D4F18D58-52B1-435D-A012-10F2123458C4} = {4B6719A8-92AF-43D8-B888-B2D51EDD5EFC}
		{E16D61E7-487C-4933-98D6-1C9A4053A767} = {4B6719A8-92AF-43D8-B888-B2D51EDD5EFC}
	EndGlobalSection
EndGlobal
