
Microsoft Visual Studio Solution File, Format Version 12.00
# Visual Studio 14
VisualStudioVersion = 14.0.23107.0
MinimumVisualStudioVersion = 10.0.40219.1
Project("{FAE04EC0-301F-11D3-BF4B-00C04F79EFBC}") = "ZooKeeperNetEx", "ZooKeeperNetEx\ZooKeeperNetEx.csproj", "{5C6774FB-2350-46B2-B1DF-1CCC757C7727}"
EndProject
Project("{2150E333-8FDC-42A3-9474-1A3956D46DE8}") = "Solution Items", "Solution Items", "{3124BC6C-39C6-473D-B3E5-E04C85D922F4}"
	ProjectSection(SolutionItems) = preProject
		SolutionVersion.cs = SolutionVersion.cs
		ZooKeeperCodeRules.ruleset = ZooKeeperCodeRules.ruleset
		ZooKeeperConfiguration.xml = ZooKeeperConfiguration.xml
		ZooKeeperConfiguration.xsd = ZooKeeperConfiguration.xsd
		ZooKeeperNetEx.snk = ZooKeeperNetEx.snk
	EndProjectSection
EndProject
Project("{FAE04EC0-301F-11D3-BF4B-00C04F79EFBC}") = "ZooKeeperNetEx.Tests", "ZooKeeperNetEx.Tests\ZooKeeperNetEx.Tests.csproj", "{F1BEB393-A3A0-4A6E-A9B2-C58493B4EE00}"
EndProject
Project("{FAE04EC0-301F-11D3-BF4B-00C04F79EFBC}") = "ZooKeeperNetEx.Recipes", "ZooKeeperNetEx.Recipes\ZooKeeperNetEx.Recipes.csproj", "{6D9D7059-593F-4753-9E0C-935C1BD1448C}"
EndProject
Project("{FAE04EC0-301F-11D3-BF4B-00C04F79EFBC}") = "ZooKeeperNetEx.Recipes.Tests", "ZooKeeperNetEx.Recipes.Tests\ZooKeeperNetEx.Recipes.Tests.csproj", "{4173A470-3202-4810-90A5-DA84B0C2E701}"
EndProject
Global
	GlobalSection(SolutionConfigurationPlatforms) = preSolution
		Debug.Net4.5|Any CPU = Debug.Net4.5|Any CPU
		Debug.Net4.6|Any CPU = Debug.Net4.6|Any CPU
		Release.Net4.5|Any CPU = Release.Net4.5|Any CPU
		Release.Net4.6|Any CPU = Release.Net4.6|Any CPU
	EndGlobalSection
	GlobalSection(ProjectConfigurationPlatforms) = postSolution
		{5C6774FB-2350-46B2-B1DF-1CCC757C7727}.Debug.Net4.5|Any CPU.ActiveCfg = Debug.Net4.5|Any CPU
		{5C6774FB-2350-46B2-B1DF-1CCC757C7727}.Debug.Net4.5|Any CPU.Build.0 = Debug.Net4.5|Any CPU
		{5C6774FB-2350-46B2-B1DF-1CCC757C7727}.Debug.Net4.6|Any CPU.ActiveCfg = Debug.Net4.6|Any CPU
		{5C6774FB-2350-46B2-B1DF-1CCC757C7727}.Debug.Net4.6|Any CPU.Build.0 = Debug.Net4.6|Any CPU
		{5C6774FB-2350-46B2-B1DF-1CCC757C7727}.Release.Net4.5|Any CPU.ActiveCfg = Release.Net4.5|Any CPU
		{5C6774FB-2350-46B2-B1DF-1CCC757C7727}.Release.Net4.5|Any CPU.Build.0 = Release.Net4.5|Any CPU
		{5C6774FB-2350-46B2-B1DF-1CCC757C7727}.Release.Net4.6|Any CPU.ActiveCfg = Release.Net4.6|Any CPU
		{5C6774FB-2350-46B2-B1DF-1CCC757C7727}.Release.Net4.6|Any CPU.Build.0 = Release.Net4.6|Any CPU
		{F1BEB393-A3A0-4A6E-A9B2-C58493B4EE00}.Debug.Net4.5|Any CPU.ActiveCfg = Debug.Net4.5|Any CPU
		{F1BEB393-A3A0-4A6E-A9B2-C58493B4EE00}.Debug.Net4.5|Any CPU.Build.0 = Debug.Net4.5|Any CPU
		{F1BEB393-A3A0-4A6E-A9B2-C58493B4EE00}.Debug.Net4.6|Any CPU.ActiveCfg = Debug.Net4.6|Any CPU
		{F1BEB393-A3A0-4A6E-A9B2-C58493B4EE00}.Debug.Net4.6|Any CPU.Build.0 = Debug.Net4.6|Any CPU
		{F1BEB393-A3A0-4A6E-A9B2-C58493B4EE00}.Release.Net4.5|Any CPU.ActiveCfg = Release.Net4.5|Any CPU
		{F1BEB393-A3A0-4A6E-A9B2-C58493B4EE00}.Release.Net4.5|Any CPU.Build.0 = Release.Net4.5|Any CPU
		{F1BEB393-A3A0-4A6E-A9B2-C58493B4EE00}.Release.Net4.6|Any CPU.ActiveCfg = Release.Net4.6|Any CPU
		{F1BEB393-A3A0-4A6E-A9B2-C58493B4EE00}.Release.Net4.6|Any CPU.Build.0 = Release.Net4.6|Any CPU
		{6D9D7059-593F-4753-9E0C-935C1BD1448C}.Debug.Net4.5|Any CPU.ActiveCfg = Debug.Net4.5|Any CPU
		{6D9D7059-593F-4753-9E0C-935C1BD1448C}.Debug.Net4.5|Any CPU.Build.0 = Debug.Net4.5|Any CPU
		{6D9D7059-593F-4753-9E0C-935C1BD1448C}.Debug.Net4.6|Any CPU.ActiveCfg = Debug.Net4.6|Any CPU
		{6D9D7059-593F-4753-9E0C-935C1BD1448C}.Debug.Net4.6|Any CPU.Build.0 = Debug.Net4.6|Any CPU
		{6D9D7059-593F-4753-9E0C-935C1BD1448C}.Release.Net4.5|Any CPU.ActiveCfg = Release.Net4.5|Any CPU
		{6D9D7059-593F-4753-9E0C-935C1BD1448C}.Release.Net4.5|Any CPU.Build.0 = Release.Net4.5|Any CPU
		{6D9D7059-593F-4753-9E0C-935C1BD1448C}.Release.Net4.6|Any CPU.ActiveCfg = Release.Net4.6|Any CPU
		{6D9D7059-593F-4753-9E0C-935C1BD1448C}.Release.Net4.6|Any CPU.Build.0 = Release.Net4.6|Any CPU
		{4173A470-3202-4810-90A5-DA84B0C2E701}.Debug.Net4.5|Any CPU.ActiveCfg = Debug.Net4.5|Any CPU
		{4173A470-3202-4810-90A5-DA84B0C2E701}.Debug.Net4.5|Any CPU.Build.0 = Debug.Net4.5|Any CPU
		{4173A470-3202-4810-90A5-DA84B0C2E701}.Debug.Net4.6|Any CPU.ActiveCfg = Debug.Net4.6|Any CPU
		{4173A470-3202-4810-90A5-DA84B0C2E701}.Debug.Net4.6|Any CPU.Build.0 = Debug.Net4.6|Any CPU
		{4173A470-3202-4810-90A5-DA84B0C2E701}.Release.Net4.5|Any CPU.ActiveCfg = Release.Net4.5|Any CPU
		{4173A470-3202-4810-90A5-DA84B0C2E701}.Release.Net4.5|Any CPU.Build.0 = Release.Net4.5|Any CPU
		{4173A470-3202-4810-90A5-DA84B0C2E701}.Release.Net4.6|Any CPU.ActiveCfg = Release.Net4.6|Any CPU
		{4173A470-3202-4810-90A5-DA84B0C2E701}.Release.Net4.6|Any CPU.Build.0 = Release.Net4.6|Any CPU
	EndGlobalSection
	GlobalSection(SolutionProperties) = preSolution
		HideSolutionNode = FALSE
	EndGlobalSection
EndGlobal
