Microsoft Visual Studio Solution File, Format Version 10.00
# Visual Studio 2008
Project("{8BC9CEB8-8B4A-11D0-8D11-00A0C91BC942}") = "zookeeper", "zookeeper.vcproj", "{5754FB2B-5EA5-4988-851D-908CA533A626}"
EndProject
Project("{8BC9CEB8-8B4A-11D0-8D11-00A0C91BC942}") = "Cli", "Cli.vcproj", "{050228F9-070F-4806-A2B5-E6B95D8EC4AF}"
EndProject
Global
	GlobalSection(SolutionConfigurationPlatforms) = preSolution
		Debug|Win32 = Debug|Win32
		Release|Win32 = Release|Win32
	EndGlobalSection
	GlobalSection(ProjectConfigurationPlatforms) = postSolution
		{5754FB2B-5EA5-4988-851D-908CA533A626}.Debug|Win32.ActiveCfg = Debug|Win32
		{5754FB2B-5EA5-4988-851D-908CA533A626}.Debug|Win32.Build.0 = Debug|Win32
		{5754FB2B-5EA5-4988-851D-908CA533A626}.Release|Win32.ActiveCfg = Release|Win32
		{5754FB2B-5EA5-4988-851D-908CA533A626}.Release|Win32.Build.0 = Release|Win32
		{050228F9-070F-4806-A2B5-E6B95D8EC4AF}.Debug|Win32.ActiveCfg = Debug|Win32
		{050228F9-070F-4806-A2B5-E6B95D8EC4AF}.Debug|Win32.Build.0 = Debug|Win32
		{050228F9-070F-4806-A2B5-E6B95D8EC4AF}.Release|Win32.ActiveCfg = Release|Win32
		{050228F9-070F-4806-A2B5-E6B95D8EC4AF}.Release|Win32.Build.0 = Release|Win32
	EndGlobalSection
	GlobalSection(SolutionProperties) = preSolution
		HideSolutionNode = FALSE
	EndGlobalSection
EndGlobal
