Microsoft Visual Studio Solution File, Format Version 12.00
# Visual Studio 2013
VisualStudioVersion = 12.0.30110.0
MinimumVisualStudioVersion = 10.0.40219.1
Project("{8BC9CEB8-8B4A-11D0-8D11-00A0C91BC942}") = "zookeeper", "zookeeper.vcxproj", "{5754FB2B-5EA5-4988-851D-908CA533A626}"
EndProject
Project("{8BC9CEB8-8B4A-11D0-8D11-00A0C91BC942}") = "cli", "cli.vcxproj", "{F267C55D-E02C-4BAF-A246-0AA58E8FE4A6}"
EndProject
Global
	GlobalSection(SolutionConfigurationPlatforms) = preSolution
		Debug|Win32 = Debug|Win32
		Debug|x64 = Debug|x64
		Release|Win32 = Release|Win32
		Release|x64 = Release|x64
	EndGlobalSection
	GlobalSection(ProjectConfigurationPlatforms) = postSolution
		{5754FB2B-5EA5-4988-851D-908CA533A626}.Debug|Win32.ActiveCfg = Debug|Win32
		{5754FB2B-5EA5-4988-851D-908CA533A626}.Debug|Win32.Build.0 = Debug|Win32
		{5754FB2B-5EA5-4988-851D-908CA533A626}.Debug|x64.ActiveCfg = Debug|x64
		{5754FB2B-5EA5-4988-851D-908CA533A626}.Debug|x64.Build.0 = Debug|x64
		{5754FB2B-5EA5-4988-851D-908CA533A626}.Release|Win32.ActiveCfg = Release|Win32
		{5754FB2B-5EA5-4988-851D-908CA533A626}.Release|Win32.Build.0 = Release|Win32
		{5754FB2B-5EA5-4988-851D-908CA533A626}.Release|x64.ActiveCfg = Release|x64
		{5754FB2B-5EA5-4988-851D-908CA533A626}.Release|x64.Build.0 = Release|x64
		{F267C55D-E02C-4BAF-A246-0AA58E8FE4A6}.Debug|Win32.ActiveCfg = Debug|Win32
		{F267C55D-E02C-4BAF-A246-0AA58E8FE4A6}.Debug|Win32.Build.0 = Debug|Win32
		{F267C55D-E02C-4BAF-A246-0AA58E8FE4A6}.Debug|x64.ActiveCfg = Debug|x64
		{F267C55D-E02C-4BAF-A246-0AA58E8FE4A6}.Debug|x64.Build.0 = Debug|x64
		{F267C55D-E02C-4BAF-A246-0AA58E8FE4A6}.Release|Win32.ActiveCfg = Release|Win32
		{F267C55D-E02C-4BAF-A246-0AA58E8FE4A6}.Release|Win32.Build.0 = Release|Win32
		{F267C55D-E02C-4BAF-A246-0AA58E8FE4A6}.Release|x64.ActiveCfg = Release|x64
		{F267C55D-E02C-4BAF-A246-0AA58E8FE4A6}.Release|x64.Build.0 = Release|x64
	EndGlobalSection
	GlobalSection(SolutionProperties) = preSolution
		HideSolutionNode = FALSE
	EndGlobalSection
EndGlobal
